
Microsoft Visual Studio Solution File, Format Version 12.00
# Visual Studio Version 17
VisualStudioVersion = 17.11.35303.130
MinimumVisualStudioVersion = 10.0.40219.1
Project("{FAE04EC0-301F-11D3-BF4B-00C04F79EFBC}") = "mini_finance", "mini_finance\mini_finance.csproj", "{23EE3D25-DCD1-47DE-A760-8DEE747B8093}"
EndProject
Global
	GlobalSection(SolutionConfigurationPlatforms) = preSolution
		Debug|Any CPU = Debug|Any CPU
		Release|Any CPU = Release|Any CPU
	EndGlobalSection
	GlobalSection(ProjectConfigurationPlatforms) = postSolution
		{23EE3D25-DCD1-47DE-A760-8DEE747B8093}.Debug|Any CPU.ActiveCfg = Debug|Any CPU
		{23EE3D25-DCD1-47DE-A760-8DEE747B8093}.Debug|Any CPU.Build.0 = Debug|Any CPU
		{23EE3D25-DCD1-47DE-A760-8DEE747B8093}.Release|Any CPU.ActiveCfg = Release|Any CPU
		{23EE3D25-DCD1-47DE-A760-8DEE747B8093}.Release|Any CPU.Build.0 = Release|Any CPU
	EndGlobalSection
	GlobalSection(SolutionProperties) = preSolution
		HideSolutionNode = FALSE
	EndGlobalSection
	GlobalSection(ExtensibilityGlobals) = postSolution
		SolutionGuid = {8128D1EF-612B-4C14-B719-BDCB5B1B4D43}
	EndGlobalSection
EndGlobal
